# @generated by Move, please check-in and do not edit manually.

[move]
version = 3
manifest_digest = "234D3E7BC575360DFB76F680E982B27D3C88189630452B21A5102D1EE8185AA2"
deps_digest = "F8BBB0CCB2491CA29A3DF03D6F92277A4F3574266507ACD77214D37ECA3F3082"
dependencies = [
  { id = "One", name = "One" },
]

[[move.package]]
id = "MoveStdlib"
source = { git = "https://github.com/one-chain-labs/onechain.git", rev = "main", subdir = "crates/sui-framework/packages/move-stdlib" }

[[move.package]]
id = "One"
source = { git = "https://github.com/one-chain-labs/onechain.git", rev = "main", subdir = "crates/sui-framework/packages/one-framework" }

dependencies = [
  { id = "MoveStdlib", name = "MoveStdlib" },
]

[move.toolchain-version]
compiler-version = "1.0.1"
edition = "2024.beta"
flavor = "one"

[env]

[env.testnet]
chain-id = "1bd5c965"
original-published-id = "0x6827acf4e5e8ed5392f2774c9375815b74e05ab66b0c6b0dcc5fafec8cde24a2"
latest-published-id = "0x6827acf4e5e8ed5392f2774c9375815b74e05ab66b0c6b0dcc5fafec8cde24a2"
published-version = "1"
